
Microsoft Visual Studio Solution File, Format Version 12.00
# Visual Studio Version 17
VisualStudioVersion = 17.4.33110.190
MinimumVisualStudioVersion = 10.0.40219.1
Project("{FAE04EC0-301F-11D3-BF4B-00C04F79EFBC}") = "Authentication.API", "Authentication.API.csproj", "{EC6222A9-B9B5-49EA-99DF-DD9F49C286E2}"
EndProject
Global
	GlobalSection(SolutionConfigurationPlatforms) = preSolution
		Debug|Any CPU = Debug|Any CPU
		Release|Any CPU = Release|Any CPU
	EndGlobalSection
	GlobalSection(ProjectConfigurationPlatforms) = postSolution
		{EC6222A9-B9B5-49EA-99DF-DD9F49C286E2}.Debug|Any CPU.ActiveCfg = Debug|Any CPU
		{EC6222A9-B9B5-49EA-99DF-DD9F49C286E2}.Debug|Any CPU.Build.0 = Debug|Any CPU
		{EC6222A9-B9B5-49EA-99DF-DD9F49C286E2}.Release|Any CPU.ActiveCfg = Release|Any CPU
		{EC6222A9-B9B5-49EA-99DF-DD9F49C286E2}.Release|Any CPU.Build.0 = Release|Any CPU
	EndGlobalSection
	GlobalSection(SolutionProperties) = preSolution
		HideSolutionNode = FALSE
	EndGlobalSection
	GlobalSection(ExtensibilityGlobals) = postSolution
		SolutionGuid = {78F257F2-97CC-44D0-9DAA-5EC64F125E6C}
	EndGlobalSection
EndGlobal
